
Microsoft Visual Studio Solution File, Format Version 12.00
# Visual Studio Version 16
VisualStudioVersion = 16.0.30413.136
MinimumVisualStudioVersion = 10.0.40219.1
Project("{FAE04EC0-301F-11D3-BF4B-00C04F79EFBC}") = "TCC_InfoNegocio", "TCC_InfoNegocio\TCC_InfoNegocio.csproj", "{3FA0B6CB-91AE-4E47-A815-BE1CAB631D5E}"
EndProject
Global
	GlobalSection(SolutionConfigurationPlatforms) = preSolution
		Debug|Any CPU = Debug|Any CPU
		Release|Any CPU = Release|Any CPU
	EndGlobalSection
	GlobalSection(ProjectConfigurationPlatforms) = postSolution
		{3FA0B6CB-91AE-4E47-A815-BE1CAB631D5E}.Debug|Any CPU.ActiveCfg = Debug|Any CPU
		{3FA0B6CB-91AE-4E47-A815-BE1CAB631D5E}.Debug|Any CPU.Build.0 = Debug|Any CPU
		{3FA0B6CB-91AE-4E47-A815-BE1CAB631D5E}.Release|Any CPU.ActiveCfg = Release|Any CPU
		{3FA0B6CB-91AE-4E47-A815-BE1CAB631D5E}.Release|Any CPU.Build.0 = Release|Any CPU
	EndGlobalSection
	GlobalSection(SolutionProperties) = preSolution
		HideSolutionNode = FALSE
	EndGlobalSection
	GlobalSection(ExtensibilityGlobals) = postSolution
		SolutionGuid = {DC099271-22EA-4CEB-B6C8-210046481522}
	EndGlobalSection
EndGlobal
